
Microsoft Visual Studio Solution File, Format Version 12.00
# Visual Studio 14
VisualStudioVersion = 14.0.24720.0
MinimumVisualStudioVersion = 10.0.40219.1
Project("{FAE04EC0-301F-11D3-BF4B-00C04F79EFBC}") = "Intel.BikeRental.ConsoleClient", "Intel.BikeRental.ConsoleClient\Intel.BikeRental.ConsoleClient.csproj", "{255124CE-B2FC-4000-AD1D-D64F820CE627}"
EndProject
Project("{FAE04EC0-301F-11D3-BF4B-00C04F79EFBC}") = "Intel.BikeRental.Models", "Intel.BikeRental.Models\Intel.BikeRental.Models.csproj", "{ACAD240E-96C9-4D7D-B6A2-667CA1AD4842}"
EndProject
Project("{FAE04EC0-301F-11D3-BF4B-00C04F79EFBC}") = "Intel.BikeRental.DAL", "Intel.BikeRental.DAL\Intel.BikeRental.DAL.csproj", "{74456554-C225-4591-97F3-D5D28EF10892}"
EndProject
Global
	GlobalSection(SolutionConfigurationPlatforms) = preSolution
		Debug|Any CPU = Debug|Any CPU
		Release|Any CPU = Release|Any CPU
	EndGlobalSection
	GlobalSection(ProjectConfigurationPlatforms) = postSolution
		{255124CE-B2FC-4000-AD1D-D64F820CE627}.Debug|Any CPU.ActiveCfg = Debug|Any CPU
		{255124CE-B2FC-4000-AD1D-D64F820CE627}.Debug|Any CPU.Build.0 = Debug|Any CPU
		{255124CE-B2FC-4000-AD1D-D64F820CE627}.Release|Any CPU.ActiveCfg = Release|Any CPU
		{255124CE-B2FC-4000-AD1D-D64F820CE627}.Release|Any CPU.Build.0 = Release|Any CPU
		{ACAD240E-96C9-4D7D-B6A2-667CA1AD4842}.Debug|Any CPU.ActiveCfg = Debug|Any CPU
		{ACAD240E-96C9-4D7D-B6A2-667CA1AD4842}.Debug|Any CPU.Build.0 = Debug|Any CPU
		{ACAD240E-96C9-4D7D-B6A2-667CA1AD4842}.Release|Any CPU.ActiveCfg = Release|Any CPU
		{ACAD240E-96C9-4D7D-B6A2-667CA1AD4842}.Release|Any CPU.Build.0 = Release|Any CPU
		{74456554-C225-4591-97F3-D5D28EF10892}.Debug|Any CPU.ActiveCfg = Debug|Any CPU
		{74456554-C225-4591-97F3-D5D28EF10892}.Debug|Any CPU.Build.0 = Debug|Any CPU
		{74456554-C225-4591-97F3-D5D28EF10892}.Release|Any CPU.ActiveCfg = Release|Any CPU
		{74456554-C225-4591-97F3-D5D28EF10892}.Release|Any CPU.Build.0 = Release|Any CPU
	EndGlobalSection
	GlobalSection(SolutionProperties) = preSolution
		HideSolutionNode = FALSE
	EndGlobalSection
EndGlobal
